
Microsoft Visual Studio Solution File, Format Version 12.00
# Visual Studio Version 17
VisualStudioVersion = 17.9.34622.214
MinimumVisualStudioVersion = 10.0.40219.1
Project("{FAE04EC0-301F-11D3-BF4B-00C04F79EFBC}") = "CosmosAngularCoches.Server", "CosmosAngularCoches.Server\CosmosAngularCoches.Server.csproj", "{57BE66F7-801D-4B60-988D-388FD4598C7B}"
EndProject
Project("{54A90642-561A-4BB1-A94E-469ADEE60C69}") = "cosmosangularcoches.client", "cosmosangularcoches.client\cosmosangularcoches.client.esproj", "{DA6E60C3-E51F-4C45-9652-99A170830117}"
EndProject
Global
	GlobalSection(SolutionConfigurationPlatforms) = preSolution
		Debug|Any CPU = Debug|Any CPU
		Release|Any CPU = Release|Any CPU
	EndGlobalSection
	GlobalSection(ProjectConfigurationPlatforms) = postSolution
		{57BE66F7-801D-4B60-988D-388FD4598C7B}.Debug|Any CPU.ActiveCfg = Debug|Any CPU
		{57BE66F7-801D-4B60-988D-388FD4598C7B}.Debug|Any CPU.Build.0 = Debug|Any CPU
		{57BE66F7-801D-4B60-988D-388FD4598C7B}.Release|Any CPU.ActiveCfg = Release|Any CPU
		{57BE66F7-801D-4B60-988D-388FD4598C7B}.Release|Any CPU.Build.0 = Release|Any CPU
		{DA6E60C3-E51F-4C45-9652-99A170830117}.Debug|Any CPU.ActiveCfg = Debug|Any CPU
		{DA6E60C3-E51F-4C45-9652-99A170830117}.Debug|Any CPU.Build.0 = Debug|Any CPU
		{DA6E60C3-E51F-4C45-9652-99A170830117}.Debug|Any CPU.Deploy.0 = Debug|Any CPU
		{DA6E60C3-E51F-4C45-9652-99A170830117}.Release|Any CPU.ActiveCfg = Release|Any CPU
		{DA6E60C3-E51F-4C45-9652-99A170830117}.Release|Any CPU.Build.0 = Release|Any CPU
		{DA6E60C3-E51F-4C45-9652-99A170830117}.Release|Any CPU.Deploy.0 = Release|Any CPU
	EndGlobalSection
	GlobalSection(SolutionProperties) = preSolution
		HideSolutionNode = FALSE
	EndGlobalSection
	GlobalSection(ExtensibilityGlobals) = postSolution
		SolutionGuid = {27D9F54A-9CFA-4CAA-9B6B-97B1271BFD5C}
	EndGlobalSection
EndGlobal
